
Microsoft Visual Studio Solution File, Format Version 12.00
# Visual Studio 15
VisualStudioVersion = 15.0.26124.0
MinimumVisualStudioVersion = 15.0.26124.0
Project("{FAE04EC0-301F-11D3-BF4B-00C04F79EFBC}") = "Domain", "Domain\Domain.csproj", "{BDD83302-5B72-4679-8EA8-4C6686424804}"
EndProject
Project("{FAE04EC0-301F-11D3-BF4B-00C04F79EFBC}") = "Application", "Application\Application.csproj", "{161F8795-D374-4CAD-91E1-69237D64EF5C}"
EndProject
Project("{FAE04EC0-301F-11D3-BF4B-00C04F79EFBC}") = "API", "API\API.csproj", "{CC872186-B466-49F7-BAE5-D577CF93F64E}"
EndProject
Project("{FAE04EC0-301F-11D3-BF4B-00C04F79EFBC}") = "Persistence", "Persistence\Persistence.csproj", "{40992A22-ACAD-40F0-9A1C-4F33A3DA3267}"
EndProject
Project("{FAE04EC0-301F-11D3-BF4B-00C04F79EFBC}") = "Infrastructure", "Infrastructure\Infrastructure.csproj", "{8FB0CDF7-E9C6-42F0-8DA9-9AC756B8CA45}"
EndProject
Global
	GlobalSection(SolutionConfigurationPlatforms) = preSolution
		Debug|Any CPU = Debug|Any CPU
		Debug|x64 = Debug|x64
		Debug|x86 = Debug|x86
		Release|Any CPU = Release|Any CPU
		Release|x64 = Release|x64
		Release|x86 = Release|x86
	EndGlobalSection
	GlobalSection(SolutionProperties) = preSolution
		HideSolutionNode = FALSE
	EndGlobalSection
	GlobalSection(ProjectConfigurationPlatforms) = postSolution
		{BDD83302-5B72-4679-8EA8-4C6686424804}.Debug|Any CPU.ActiveCfg = Debug|Any CPU
		{BDD83302-5B72-4679-8EA8-4C6686424804}.Debug|Any CPU.Build.0 = Debug|Any CPU
		{BDD83302-5B72-4679-8EA8-4C6686424804}.Debug|x64.ActiveCfg = Debug|Any CPU
		{BDD83302-5B72-4679-8EA8-4C6686424804}.Debug|x64.Build.0 = Debug|Any CPU
		{BDD83302-5B72-4679-8EA8-4C6686424804}.Debug|x86.ActiveCfg = Debug|Any CPU
		{BDD83302-5B72-4679-8EA8-4C6686424804}.Debug|x86.Build.0 = Debug|Any CPU
		{BDD83302-5B72-4679-8EA8-4C6686424804}.Release|Any CPU.ActiveCfg = Release|Any CPU
		{BDD83302-5B72-4679-8EA8-4C6686424804}.Release|Any CPU.Build.0 = Release|Any CPU
		{BDD83302-5B72-4679-8EA8-4C6686424804}.Release|x64.ActiveCfg = Release|Any CPU
		{BDD83302-5B72-4679-8EA8-4C6686424804}.Release|x64.Build.0 = Release|Any CPU
		{BDD83302-5B72-4679-8EA8-4C6686424804}.Release|x86.ActiveCfg = Release|Any CPU
		{BDD83302-5B72-4679-8EA8-4C6686424804}.Release|x86.Build.0 = Release|Any CPU
		{161F8795-D374-4CAD-91E1-69237D64EF5C}.Debug|Any CPU.ActiveCfg = Debug|Any CPU
		{161F8795-D374-4CAD-91E1-69237D64EF5C}.Debug|Any CPU.Build.0 = Debug|Any CPU
		{161F8795-D374-4CAD-91E1-69237D64EF5C}.Debug|x64.ActiveCfg = Debug|Any CPU
		{161F8795-D374-4CAD-91E1-69237D64EF5C}.Debug|x64.Build.0 = Debug|Any CPU
		{161F8795-D374-4CAD-91E1-69237D64EF5C}.Debug|x86.ActiveCfg = Debug|Any CPU
		{161F8795-D374-4CAD-91E1-69237D64EF5C}.Debug|x86.Build.0 = Debug|Any CPU
		{161F8795-D374-4CAD-91E1-69237D64EF5C}.Release|Any CPU.ActiveCfg = Release|Any CPU
		{161F8795-D374-4CAD-91E1-69237D64EF5C}.Release|Any CPU.Build.0 = Release|Any CPU
		{161F8795-D374-4CAD-91E1-69237D64EF5C}.Release|x64.ActiveCfg = Release|Any CPU
		{161F8795-D374-4CAD-91E1-69237D64EF5C}.Release|x64.Build.0 = Release|Any CPU
		{161F8795-D374-4CAD-91E1-69237D64EF5C}.Release|x86.ActiveCfg = Release|Any CPU
		{161F8795-D374-4CAD-91E1-69237D64EF5C}.Release|x86.Build.0 = Release|Any CPU
		{CC872186-B466-49F7-BAE5-D577CF93F64E}.Debug|Any CPU.ActiveCfg = Debug|Any CPU
		{CC872186-B466-49F7-BAE5-D577CF93F64E}.Debug|Any CPU.Build.0 = Debug|Any CPU
		{CC872186-B466-49F7-BAE5-D577CF93F64E}.Debug|x64.ActiveCfg = Debug|Any CPU
		{CC872186-B466-49F7-BAE5-D577CF93F64E}.Debug|x64.Build.0 = Debug|Any CPU
		{CC872186-B466-49F7-BAE5-D577CF93F64E}.Debug|x86.ActiveCfg = Debug|Any CPU
		{CC872186-B466-49F7-BAE5-D577CF93F64E}.Debug|x86.Build.0 = Debug|Any CPU
		{CC872186-B466-49F7-BAE5-D577CF93F64E}.Release|Any CPU.ActiveCfg = Release|Any CPU
		{CC872186-B466-49F7-BAE5-D577CF93F64E}.Release|Any CPU.Build.0 = Release|Any CPU
		{CC872186-B466-49F7-BAE5-D577CF93F64E}.Release|x64.ActiveCfg = Release|Any CPU
		{CC872186-B466-49F7-BAE5-D577CF93F64E}.Release|x64.Build.0 = Release|Any CPU
		{CC872186-B466-49F7-BAE5-D577CF93F64E}.Release|x86.ActiveCfg = Release|Any CPU
		{CC872186-B466-49F7-BAE5-D577CF93F64E}.Release|x86.Build.0 = Release|Any CPU
		{40992A22-ACAD-40F0-9A1C-4F33A3DA3267}.Debug|Any CPU.ActiveCfg = Debug|Any CPU
		{40992A22-ACAD-40F0-9A1C-4F33A3DA3267}.Debug|Any CPU.Build.0 = Debug|Any CPU
		{40992A22-ACAD-40F0-9A1C-4F33A3DA3267}.Debug|x64.ActiveCfg = Debug|Any CPU
		{40992A22-ACAD-40F0-9A1C-4F33A3DA3267}.Debug|x64.Build.0 = Debug|Any CPU
		{40992A22-ACAD-40F0-9A1C-4F33A3DA3267}.Debug|x86.ActiveCfg = Debug|Any CPU
		{40992A22-ACAD-40F0-9A1C-4F33A3DA3267}.Debug|x86.Build.0 = Debug|Any CPU
		{40992A22-ACAD-40F0-9A1C-4F33A3DA3267}.Release|Any CPU.ActiveCfg = Release|Any CPU
		{40992A22-ACAD-40F0-9A1C-4F33A3DA3267}.Release|Any CPU.Build.0 = Release|Any CPU
		{40992A22-ACAD-40F0-9A1C-4F33A3DA3267}.Release|x64.ActiveCfg = Release|Any CPU
		{40992A22-ACAD-40F0-9A1C-4F33A3DA3267}.Release|x64.Build.0 = Release|Any CPU
		{40992A22-ACAD-40F0-9A1C-4F33A3DA3267}.Release|x86.ActiveCfg = Release|Any CPU
		{40992A22-ACAD-40F0-9A1C-4F33A3DA3267}.Release|x86.Build.0 = Release|Any CPU
		{8FB0CDF7-E9C6-42F0-8DA9-9AC756B8CA45}.Debug|Any CPU.ActiveCfg = Debug|Any CPU
		{8FB0CDF7-E9C6-42F0-8DA9-9AC756B8CA45}.Debug|Any CPU.Build.0 = Debug|Any CPU
		{8FB0CDF7-E9C6-42F0-8DA9-9AC756B8CA45}.Debug|x64.ActiveCfg = Debug|Any CPU
		{8FB0CDF7-E9C6-42F0-8DA9-9AC756B8CA45}.Debug|x64.Build.0 = Debug|Any CPU
		{8FB0CDF7-E9C6-42F0-8DA9-9AC756B8CA45}.Debug|x86.ActiveCfg = Debug|Any CPU
		{8FB0CDF7-E9C6-42F0-8DA9-9AC756B8CA45}.Debug|x86.Build.0 = Debug|Any CPU
		{8FB0CDF7-E9C6-42F0-8DA9-9AC756B8CA45}.Release|Any CPU.ActiveCfg = Release|Any CPU
		{8FB0CDF7-E9C6-42F0-8DA9-9AC756B8CA45}.Release|Any CPU.Build.0 = Release|Any CPU
		{8FB0CDF7-E9C6-42F0-8DA9-9AC756B8CA45}.Release|x64.ActiveCfg = Release|Any CPU
		{8FB0CDF7-E9C6-42F0-8DA9-9AC756B8CA45}.Release|x64.Build.0 = Release|Any CPU
		{8FB0CDF7-E9C6-42F0-8DA9-9AC756B8CA45}.Release|x86.ActiveCfg = Release|Any CPU
		{8FB0CDF7-E9C6-42F0-8DA9-9AC756B8CA45}.Release|x86.Build.0 = Release|Any CPU
	EndGlobalSection
EndGlobal
